
Microsoft Visual Studio Solution File, Format Version 12.00
# Visual Studio Version 16
VisualStudioVersion = 16.0.30804.86
MinimumVisualStudioVersion = 10.0.40219.1
Project("{FAE04EC0-301F-11D3-BF4B-00C04F79EFBC}") = "ClassMetotDemo", "ClassMetotDemo.csproj", "{5668E7D1-3CD4-434E-A13E-0791C7BDA81B}"
EndProject
Global
	GlobalSection(SolutionConfigurationPlatforms) = preSolution
		Debug|Any CPU = Debug|Any CPU
		Release|Any CPU = Release|Any CPU
	EndGlobalSection
	GlobalSection(ProjectConfigurationPlatforms) = postSolution
		{5668E7D1-3CD4-434E-A13E-0791C7BDA81B}.Debug|Any CPU.ActiveCfg = Debug|Any CPU
		{5668E7D1-3CD4-434E-A13E-0791C7BDA81B}.Debug|Any CPU.Build.0 = Debug|Any CPU
		{5668E7D1-3CD4-434E-A13E-0791C7BDA81B}.Release|Any CPU.ActiveCfg = Release|Any CPU
		{5668E7D1-3CD4-434E-A13E-0791C7BDA81B}.Release|Any CPU.Build.0 = Release|Any CPU
	EndGlobalSection
	GlobalSection(SolutionProperties) = preSolution
		HideSolutionNode = FALSE
	EndGlobalSection
	GlobalSection(ExtensibilityGlobals) = postSolution
		SolutionGuid = {94B4D1B4-B99B-45B4-AD14-0381DDB252DC}
	EndGlobalSection
EndGlobal
